
Microsoft Visual Studio Solution File, Format Version 12.00
# Visual Studio Version 16
VisualStudioVersion = 16.0.30413.136
MinimumVisualStudioVersion = 10.0.40219.1
Project("{FAE04EC0-301F-11D3-BF4B-00C04F79EFBC}") = "login", "login\login.csproj", "{9AFFB2B1-895F-44C5-894D-E8839965B3CC}"
EndProject
Global
	GlobalSection(SolutionConfigurationPlatforms) = preSolution
		Debug|Any CPU = Debug|Any CPU
		Release|Any CPU = Release|Any CPU
	EndGlobalSection
	GlobalSection(ProjectConfigurationPlatforms) = postSolution
		{9AFFB2B1-895F-44C5-894D-E8839965B3CC}.Debug|Any CPU.ActiveCfg = Debug|Any CPU
		{9AFFB2B1-895F-44C5-894D-E8839965B3CC}.Debug|Any CPU.Build.0 = Debug|Any CPU
		{9AFFB2B1-895F-44C5-894D-E8839965B3CC}.Release|Any CPU.ActiveCfg = Release|Any CPU
		{9AFFB2B1-895F-44C5-894D-E8839965B3CC}.Release|Any CPU.Build.0 = Release|Any CPU
	EndGlobalSection
	GlobalSection(SolutionProperties) = preSolution
		HideSolutionNode = FALSE
	EndGlobalSection
	GlobalSection(ExtensibilityGlobals) = postSolution
		SolutionGuid = {E2DE7721-4824-4925-AAF8-D7F03D7CC00C}
	EndGlobalSection
EndGlobal
